dependencies:
  espressif/qrcode:
    component_hash: 3b493771bc5d6ad30cbf87c25bf784aada8a08c941504355b55d6b75518ed7bc
    dependencies: []
    source:
      registry_url: https://components.espressif.com/
      type: service
    version: 0.1.0~2
  idf:
    source:
      type: idf
    version: 5.2.3
direct_dependencies:
- espressif/qrcode
manifest_hash: f46d833808594d1af8ccb464b31f0f30933902f7ca588e54e4e0dc0e16f84a93
target: esp32
version: 2.0.0
